
Microsoft Visual Studio Solution File, Format Version 12.00
# Visual Studio Version 17
VisualStudioVersion = 17.2.32516.85
MinimumVisualStudioVersion = 10.0.40219.1
Project("{FAE04EC0-301F-11D3-BF4B-00C04F79EFBC}") = "QLNHANVIENFULL", "QLNHANVIENFULL\QLNHANVIENFULL.csproj", "{D59E2EFC-57C9-491A-B471-41A7910C726C}"
EndProject
Global
	GlobalSection(SolutionConfigurationPlatforms) = preSolution
		Debug|Any CPU = Debug|Any CPU
		Release|Any CPU = Release|Any CPU
	EndGlobalSection
	GlobalSection(ProjectConfigurationPlatforms) = postSolution
		{D59E2EFC-57C9-491A-B471-41A7910C726C}.Debug|Any CPU.ActiveCfg = Debug|Any CPU
		{D59E2EFC-57C9-491A-B471-41A7910C726C}.Debug|Any CPU.Build.0 = Debug|Any CPU
		{D59E2EFC-57C9-491A-B471-41A7910C726C}.Release|Any CPU.ActiveCfg = Release|Any CPU
		{D59E2EFC-57C9-491A-B471-41A7910C726C}.Release|Any CPU.Build.0 = Release|Any CPU
	EndGlobalSection
	GlobalSection(SolutionProperties) = preSolution
		HideSolutionNode = FALSE
	EndGlobalSection
	GlobalSection(ExtensibilityGlobals) = postSolution
		SolutionGuid = {6C77D0F4-96E4-44D4-81E5-4DA02CDE4F83}
	EndGlobalSection
EndGlobal
